
Microsoft Visual Studio Solution File, Format Version 12.00
# Visual Studio Version 17
VisualStudioVersion = 17.14.36310.24 d17.14
MinimumVisualStudioVersion = 10.0.40219.1
Project("{8BC9CEB8-8B4A-11D0-8D11-00A0C91BC942}") = "CCA-4", "CCA-4.vcxproj", "{749422E7-734C-47C3-BAF7-5D09782215B4}"
EndProject
Global
	GlobalSection(SolutionConfigurationPlatforms) = preSolution
		Debug|x64 = Debug|x64
		Debug|x86 = Debug|x86
		Release|x64 = Release|x64
		Release|x86 = Release|x86
	EndGlobalSection
	GlobalSection(ProjectConfigurationPlatforms) = postSolution
		{749422E7-734C-47C3-BAF7-5D09782215B4}.Debug|x64.ActiveCfg = Debug|x64
		{749422E7-734C-47C3-BAF7-5D09782215B4}.Debug|x64.Build.0 = Debug|x64
		{749422E7-734C-47C3-BAF7-5D09782215B4}.Debug|x86.ActiveCfg = Debug|Win32
		{749422E7-734C-47C3-BAF7-5D09782215B4}.Debug|x86.Build.0 = Debug|Win32
		{749422E7-734C-47C3-BAF7-5D09782215B4}.Release|x64.ActiveCfg = Release|x64
		{749422E7-734C-47C3-BAF7-5D09782215B4}.Release|x64.Build.0 = Release|x64
		{749422E7-734C-47C3-BAF7-5D09782215B4}.Release|x86.ActiveCfg = Release|Win32
		{749422E7-734C-47C3-BAF7-5D09782215B4}.Release|x86.Build.0 = Release|Win32
	EndGlobalSection
	GlobalSection(SolutionProperties) = preSolution
		HideSolutionNode = FALSE
	EndGlobalSection
	GlobalSection(ExtensibilityGlobals) = postSolution
		SolutionGuid = {A74886C7-4586-4624-B578-60E2B614EE98}
	EndGlobalSection
EndGlobal
